
Microsoft Visual Studio Solution File, Format Version 12.00
# Visual Studio Version 16
VisualStudioVersion = 16.0.30611.23
MinimumVisualStudioVersion = 10.0.40219.1
Project("{FAE04EC0-301F-11D3-BF4B-00C04F79EFBC}") = "HW2.Android", "HW2.Android\HW2.Android.csproj", "{32FD3652-0A16-4D72-B1D0-0D8903DA4764}"
EndProject
Project("{FAE04EC0-301F-11D3-BF4B-00C04F79EFBC}") = "HW2", "HW2\HW2.csproj", "{A7EB8226-650E-49E9-99E5-FC3A2E7E70BE}"
EndProject
Global
	GlobalSection(SolutionConfigurationPlatforms) = preSolution
		Debug|Any CPU = Debug|Any CPU
		Release|Any CPU = Release|Any CPU
	EndGlobalSection
	GlobalSection(ProjectConfigurationPlatforms) = postSolution
		{32FD3652-0A16-4D72-B1D0-0D8903DA4764}.Debug|Any CPU.ActiveCfg = Debug|Any CPU
		{32FD3652-0A16-4D72-B1D0-0D8903DA4764}.Debug|Any CPU.Build.0 = Debug|Any CPU
		{32FD3652-0A16-4D72-B1D0-0D8903DA4764}.Debug|Any CPU.Deploy.0 = Debug|Any CPU
		{32FD3652-0A16-4D72-B1D0-0D8903DA4764}.Release|Any CPU.ActiveCfg = Release|Any CPU
		{32FD3652-0A16-4D72-B1D0-0D8903DA4764}.Release|Any CPU.Build.0 = Release|Any CPU
		{32FD3652-0A16-4D72-B1D0-0D8903DA4764}.Release|Any CPU.Deploy.0 = Release|Any CPU
		{A7EB8226-650E-49E9-99E5-FC3A2E7E70BE}.Debug|Any CPU.ActiveCfg = Debug|Any CPU
		{A7EB8226-650E-49E9-99E5-FC3A2E7E70BE}.Debug|Any CPU.Build.0 = Debug|Any CPU
		{A7EB8226-650E-49E9-99E5-FC3A2E7E70BE}.Debug|Any CPU.Deploy.0 = Debug|Any CPU
		{A7EB8226-650E-49E9-99E5-FC3A2E7E70BE}.Release|Any CPU.ActiveCfg = Release|Any CPU
		{A7EB8226-650E-49E9-99E5-FC3A2E7E70BE}.Release|Any CPU.Build.0 = Release|Any CPU
		{A7EB8226-650E-49E9-99E5-FC3A2E7E70BE}.Release|Any CPU.Deploy.0 = Release|Any CPU
	EndGlobalSection
	GlobalSection(SolutionProperties) = preSolution
		HideSolutionNode = FALSE
	EndGlobalSection
	GlobalSection(ExtensibilityGlobals) = postSolution
		SolutionGuid = {98AC7F40-E068-4C18-82AD-54B596AAF90C}
	EndGlobalSection
EndGlobal
